
Microsoft Visual Studio Solution File, Format Version 12.00
# Visual Studio 14
VisualStudioVersion = 14.0.25420.1
MinimumVisualStudioVersion = 10.0.40219.1
Project("{E24C65DC-7377-472B-9ABA-BC803B73C61A}") = "WP1Assignment", "Other\Web Projects\WP1Assignment\", "{91EF20C3-838A-4535-B665-1458A71CC30A}"
	ProjectSection(WebsiteProperties) = preProject
		TargetFrameworkMoniker = ".NETFramework,Version%3Dv4.5.2"
		Debug.AspNetCompiler.VirtualPath = "/localhost_50030"
		Debug.AspNetCompiler.PhysicalPath = "Other\Web Projects\WP1Assignment\"
		Debug.AspNetCompiler.TargetPath = "PrecompiledWeb\localhost_50030\"
		Debug.AspNetCompiler.Updateable = "true"
		Debug.AspNetCompiler.ForceOverwrite = "true"
		Debug.AspNetCompiler.FixedNames = "false"
		Debug.AspNetCompiler.Debug = "True"
		Release.AspNetCompiler.VirtualPath = "/localhost_50030"
		Release.AspNetCompiler.PhysicalPath = "Other\Web Projects\WP1Assignment\"
		Release.AspNetCompiler.TargetPath = "PrecompiledWeb\localhost_50030\"
		Release.AspNetCompiler.Updateable = "true"
		Release.AspNetCompiler.ForceOverwrite = "true"
		Release.AspNetCompiler.FixedNames = "false"
		Release.AspNetCompiler.Debug = "False"
		VWDPort = "50030"
		SlnRelativePath = "Other\Web Projects\WP1Assignment\"
	EndProjectSection
EndProject
Global
	GlobalSection(SolutionConfigurationPlatforms) = preSolution
		Debug|Any CPU = Debug|Any CPU
	EndGlobalSection
	GlobalSection(ProjectConfigurationPlatforms) = postSolution
		{91EF20C3-838A-4535-B665-1458A71CC30A}.Debug|Any CPU.ActiveCfg = Debug|Any CPU
		{91EF20C3-838A-4535-B665-1458A71CC30A}.Debug|Any CPU.Build.0 = Debug|Any CPU
	EndGlobalSection
	GlobalSection(SolutionProperties) = preSolution
		HideSolutionNode = FALSE
	EndGlobalSection
EndGlobal
